lockfileVersion: '9.0'

settings:
  autoInstallPeers: true
  excludeLinksFromLockfile: false

importers:

  .:
    dependencies:
      '@supabase/supabase-js':
        specifier: ^2.45.0
        version: 2.81.1
      pixi.js:
        specifier: ^8.14.1
        version: 8.14.1
      react:
        specifier: ^18.3.1
        version: 18.3.1
      react-dom:
        specifier: ^18.3.1
        version: 18.3.1(react@18.3.1)
      zustand:
        specifier: ^4.5.2
        version: 4.5.7(@types/react@18.3.26)(react@18.3.1)
    devDependencies:
      '@types/react':
        specifier: ^18.2.78
        version: 18.3.26
      '@types/react-dom':
        specifier: ^18.2.25
        version: 18.3.7(@types/react@18.3.26)
      '@vitejs/plugin-react-swc':
        specifier: ^4.2.2
        version: 4.2.2(vite@5.4.21(@types/node@24.10.1))
      typescript:
        specifier: ^5.6.3
        version: 5.9.3
      vite:
        specifier: ^5.4.10
        version: 5.4.21(@types/node@24.10.1)

packages:

  '@esbuild/aix-ppc64@0.21.5':
    resolution: {integrity: sha512-1SDgH6ZSPTlggy1yI6+Dbkiz8xzpHJEVAlF/AM1tHPLsf5STom9rwtjE4hKAF20FfXXNTFqEYXyJNWh1GiZedQ==}
    engines: {node: '>=12'}
    cpu: [ppc64]
    os: [aix]

  '@esbuild/android-arm64@0.21.5':
    resolution: {integrity: sha512-c0uX9VAUBQ7dTDCjq+wdyGLowMdtR/GoC2U5IYk/7D1H1JYC0qseD7+11iMP2mRLN9RcCMRcjC4YMclCzGwS/A==}
    engines: {node: '>=12'}
    cpu: [arm64]
    os: [android]

  '@esbuild/android-arm@0.21.5':
    resolution: {integrity: sha512-vCPvzSjpPHEi1siZdlvAlsPxXl7WbOVUBBAowWug4rJHb68Ox8KualB+1ocNvT5fjv6wpkX6o/iEpbDrf68zcg==}
    engines: {node: '>=12'}
    cpu: [arm]
    os: [android]

  '@esbuild/android-x64@0.21.5':
    resolution: {integrity: sha512-D7aPRUUNHRBwHxzxRvp856rjUHRFW1SdQATKXH2hqA0kAZb1hKmi02OpYRacl0TxIGz/ZmXWlbZgjwWYaCakTA==}
    engines: {node: '>=12'}
    cpu: [x64]
    os: [android]

  '@esbuild/darwin-arm64@0.21.5':
    resolution: {integrity: sha512-DwqXqZyuk5AiWWf3UfLiRDJ5EDd49zg6O9wclZ7kUMv2WRFr4HKjXp/5t8JZ11QbQfUS6/cRCKGwYhtNAY88kQ==}
    engines: {node: '>=12'}
    cpu: [arm64]
    os: [darwin]

  '@esbuild/darwin-x64@0.21.5':
    resolution: {integrity: sha512-se/JjF8NlmKVG4kNIuyWMV/22ZaerB+qaSi5MdrXtd6R08kvs2qCN4C09miupktDitvh8jRFflwGFBQcxZRjbw==}
    engines: {node: '>=12'}
    cpu: [x64]
    os: [darwin]

  '@esbuild/freebsd-arm64@0.21.5':
    resolution: {integrity: sha512-5JcRxxRDUJLX8JXp/wcBCy3pENnCgBR9bN6JsY4OmhfUtIHe3ZW0mawA7+RDAcMLrMIZaf03NlQiX9DGyB8h4g==}
    engines: {node: '>=12'}
    cpu: [arm64]
    os: [freebsd]

  '@esbuild/freebsd-x64@0.21.5':
    resolution: {integrity: sha512-J95kNBj1zkbMXtHVH29bBriQygMXqoVQOQYA+ISs0/2l3T9/kj42ow2mpqerRBxDJnmkUDCaQT/dfNXWX/ZZCQ==}
    engines: {node: '>=12'}
    cpu: [x64]
    os: [freebsd]

  '@esbuild/linux-arm64@0.21.5':
    resolution: {integrity: sha512-ibKvmyYzKsBeX8d8I7MH/TMfWDXBF3db4qM6sy+7re0YXya+K1cem3on9XgdT2EQGMu4hQyZhan7TeQ8XkGp4Q==}
    engines: {node: '>=12'}
    cpu: [arm64]
    os: [linux]

  '@esbuild/linux-arm@0.21.5':
    resolution: {integrity: sha512-bPb5AHZtbeNGjCKVZ9UGqGwo8EUu4cLq68E95A53KlxAPRmUyYv2D6F0uUI65XisGOL1hBP5mTronbgo+0bFcA==}
    engines: {node: '>=12'}
    cpu: [arm]
    os: [linux]

  '@esbuild/linux-ia32@0.21.5':
    resolution: {integrity: sha512-YvjXDqLRqPDl2dvRODYmmhz4rPeVKYvppfGYKSNGdyZkA01046pLWyRKKI3ax8fbJoK5QbxblURkwK/MWY18Tg==}
    engines: {node: '>=12'}
    cpu: [ia32]
    os: [linux]

  '@esbuild/linux-loong64@0.21.5':
    resolution: {integrity: sha512-uHf1BmMG8qEvzdrzAqg2SIG/02+4/DHB6a9Kbya0XDvwDEKCoC8ZRWI5JJvNdUjtciBGFQ5PuBlpEOXQj+JQSg==}
    engines: {node: '>=12'}
    cpu: [loong64]
    os: [linux]

  '@esbuild/linux-mips64el@0.21.5':
    resolution: {integrity: sha512-IajOmO+KJK23bj52dFSNCMsz1QP1DqM6cwLUv3W1QwyxkyIWecfafnI555fvSGqEKwjMXVLokcV5ygHW5b3Jbg==}
    engines: {node: '>=12'}
    cpu: [mips64el]
    os: [linux]

  '@esbuild/linux-ppc64@0.21.5':
    resolution: {integrity: sha512-1hHV/Z4OEfMwpLO8rp7CvlhBDnjsC3CttJXIhBi+5Aj5r+MBvy4egg7wCbe//hSsT+RvDAG7s81tAvpL2XAE4w==}
    engines: {node: '>=12'}
    cpu: [ppc64]
    os: [linux]

  '@esbuild/linux-riscv64@0.21.5':
    resolution: {integrity: sha512-2HdXDMd9GMgTGrPWnJzP2ALSokE/0O5HhTUvWIbD3YdjME8JwvSCnNGBnTThKGEB91OZhzrJ4qIIxk/SBmyDDA==}
    engines: {node: '>=12'}
    cpu: [riscv64]
    os: [linux]

  '@esbuild/linux-s390x@0.21.5':
    resolution: {integrity: sha512-zus5sxzqBJD3eXxwvjN1yQkRepANgxE9lgOW2qLnmr8ikMTphkjgXu1HR01K4FJg8h1kEEDAqDcZQtbrRnB41A==}
    engines: {node: '>=12'}
    cpu: [s390x]
    os: [linux]

  '@esbuild/linux-x64@0.21.5':
    resolution: {integrity: sha512-1rYdTpyv03iycF1+BhzrzQJCdOuAOtaqHTWJZCWvijKD2N5Xu0TtVC8/+1faWqcP9iBCWOmjmhoH94dH82BxPQ==}
    engines: {node: '>=12'}
    cpu: [x64]
    os: [linux]

  '@esbuild/netbsd-x64@0.21.5':
    resolution: {integrity: sha512-Woi2MXzXjMULccIwMnLciyZH4nCIMpWQAs049KEeMvOcNADVxo0UBIQPfSmxB3CWKedngg7sWZdLvLczpe0tLg==}
    engines: {node: '>=12'}
    cpu: [x64]
    os: [netbsd]

  '@esbuild/openbsd-x64@0.21.5':
    resolution: {integrity: sha512-HLNNw99xsvx12lFBUwoT8EVCsSvRNDVxNpjZ7bPn947b8gJPzeHWyNVhFsaerc0n3TsbOINvRP2byTZ5LKezow==}
    engines: {node: '>=12'}
    cpu: [x64]
    os: [openbsd]

  '@esbuild/sunos-x64@0.21.5':
    resolution: {integrity: sha512-6+gjmFpfy0BHU5Tpptkuh8+uw3mnrvgs+dSPQXQOv3ekbordwnzTVEb4qnIvQcYXq6gzkyTnoZ9dZG+D4garKg==}
    engines: {node: '>=12'}
    cpu: [x64]
    os: [sunos]

  '@esbuild/win32-arm64@0.21.5':
    resolution: {integrity: sha512-Z0gOTd75VvXqyq7nsl93zwahcTROgqvuAcYDUr+vOv8uHhNSKROyU961kgtCD1e95IqPKSQKH7tBTslnS3tA8A==}
    engines: {node: '>=12'}
    cpu: [arm64]
    os: [win32]

  '@esbuild/win32-ia32@0.21.5':
    resolution: {integrity: sha512-SWXFF1CL2RVNMaVs+BBClwtfZSvDgtL//G/smwAc5oVK/UPu2Gu9tIaRgFmYFFKrmg3SyAjSrElf0TiJ1v8fYA==}
    engines: {node: '>=12'}
    cpu: [ia32]
    os: [win32]

  '@esbuild/win32-x64@0.21.5':
    resolution: {integrity: sha512-tQd/1efJuzPC6rCFwEvLtci/xNFcTZknmXs98FYDfGE4wP9ClFV98nyKrzJKVPMhdDnjzLhdUyMX4PsQAPjwIw==}
    engines: {node: '>=12'}
    cpu: [x64]
    os: [win32]

  '@pixi/colord@2.9.6':
    resolution: {integrity: sha512-nezytU2pw587fQstUu1AsJZDVEynjskwOL+kibwcdxsMBFqPsFFNA7xl0ii/gXuDi6M0xj3mfRJj8pBSc2jCfA==}

  '@rolldown/pluginutils@1.0.0-beta.47':
    resolution: {integrity: sha512-8QagwMH3kNCuzD8EWL8R2YPW5e4OrHNSAHRFDdmFqEwEaD/KcNKjVoumo+gP2vW5eKB2UPbM6vTYiGZX0ixLnw==}

  '@rollup/rollup-android-arm-eabi@4.53.2':
    resolution: {integrity: sha512-yDPzwsgiFO26RJA4nZo8I+xqzh7sJTZIWQOxn+/XOdPE31lAvLIYCKqjV+lNH/vxE2L2iH3plKxDCRK6i+CwhA==}
    cpu: [arm]
    os: [android]

  '@rollup/rollup-android-arm64@4.53.2':
    resolution: {integrity: sha512-k8FontTxIE7b0/OGKeSN5B6j25EuppBcWM33Z19JoVT7UTXFSo3D9CdU39wGTeb29NO3XxpMNauh09B+Ibw+9g==}
    cpu: [arm64]
    os: [android]

  '@rollup/rollup-darwin-arm64@4.53.2':
    resolution: {integrity: sha512-A6s4gJpomNBtJ2yioj8bflM2oogDwzUiMl2yNJ2v9E7++sHrSrsQ29fOfn5DM/iCzpWcebNYEdXpaK4tr2RhfQ==}
    cpu: [arm64]
    os: [darwin]

  '@rollup/rollup-darwin-x64@4.53.2':
    resolution: {integrity: sha512-e6XqVmXlHrBlG56obu9gDRPW3O3hLxpwHpLsBJvuI8qqnsrtSZ9ERoWUXtPOkY8c78WghyPHZdmPhHLWNdAGEw==}
    cpu: [x64]
    os: [darwin]

  '@rollup/rollup-freebsd-arm64@4.53.2':
    resolution: {integrity: sha512-v0E9lJW8VsrwPux5Qe5CwmH/CF/2mQs6xU1MF3nmUxmZUCHazCjLgYvToOk+YuuUqLQBio1qkkREhxhc656ViA==}
    cpu: [arm64]
    os: [freebsd]

  '@rollup/rollup-freebsd-x64@4.53.2':
    resolution: {integrity: sha512-ClAmAPx3ZCHtp6ysl4XEhWU69GUB1D+s7G9YjHGhIGCSrsg00nEGRRZHmINYxkdoJehde8VIsDC5t9C0gb6yqA==}
    cpu: [x64]
    os: [freebsd]

  '@rollup/rollup-linux-arm-gnueabihf@4.53.2':
    resolution: {integrity: sha512-EPlb95nUsz6Dd9Qy13fI5kUPXNSljaG9FiJ4YUGU1O/Q77i5DYFW5KR8g1OzTcdZUqQQ1KdDqsTohdFVwCwjqg==}
    cpu: [arm]
    os: [linux]

  '@rollup/rollup-linux-arm-musleabihf@4.53.2':
    resolution: {integrity: sha512-BOmnVW+khAUX+YZvNfa0tGTEMVVEerOxN0pDk2E6N6DsEIa2Ctj48FOMfNDdrwinocKaC7YXUZ1pHlKpnkja/Q==}
    cpu: [arm]
    os: [linux]

  '@rollup/rollup-linux-arm64-gnu@4.53.2':
    resolution: {integrity: sha512-Xt2byDZ+6OVNuREgBXr4+CZDJtrVso5woFtpKdGPhpTPHcNG7D8YXeQzpNbFRxzTVqJf7kvPMCub/pcGUWgBjA==}
    cpu: [arm64]
    os: [linux]

  '@rollup/rollup-linux-arm64-musl@4.53.2':
    resolution: {integrity: sha512-+LdZSldy/I9N8+klim/Y1HsKbJ3BbInHav5qE9Iy77dtHC/pibw1SR/fXlWyAk0ThnpRKoODwnAuSjqxFRDHUQ==}
    cpu: [arm64]
    os: [linux]

  '@rollup/rollup-linux-loong64-gnu@4.53.2':
    resolution: {integrity: sha512-8ms8sjmyc1jWJS6WdNSA23rEfdjWB30LH8Wqj0Cqvv7qSHnvw6kgMMXRdop6hkmGPlyYBdRPkjJnj3KCUHV/uQ==}
    cpu: [loong64]
    os: [linux]

  '@rollup/rollup-linux-ppc64-gnu@4.53.2':
    resolution: {integrity: sha512-3HRQLUQbpBDMmzoxPJYd3W6vrVHOo2cVW8RUo87Xz0JPJcBLBr5kZ1pGcQAhdZgX9VV7NbGNipah1omKKe23/g==}
    cpu: [ppc64]
    os: [linux]

  '@rollup/rollup-linux-riscv64-gnu@4.53.2':
    resolution: {integrity: sha512-fMjKi+ojnmIvhk34gZP94vjogXNNUKMEYs+EDaB/5TG/wUkoeua7p7VCHnE6T2Tx+iaghAqQX8teQzcvrYpaQA==}
    cpu: [riscv64]
    os: [linux]

  '@rollup/rollup-linux-riscv64-musl@4.53.2':
    resolution: {integrity: sha512-XuGFGU+VwUUV5kLvoAdi0Wz5Xbh2SrjIxCtZj6Wq8MDp4bflb/+ThZsVxokM7n0pcbkEr2h5/pzqzDYI7cCgLQ==}
    cpu: [riscv64]
    os: [linux]

  '@rollup/rollup-linux-s390x-gnu@4.53.2':
    resolution: {integrity: sha512-w6yjZF0P+NGzWR3AXWX9zc0DNEGdtvykB03uhonSHMRa+oWA6novflo2WaJr6JZakG2ucsyb+rvhrKac6NIy+w==}
    cpu: [s390x]
    os: [linux]

  '@rollup/rollup-linux-x64-gnu@4.53.2':
    resolution: {integrity: sha512-yo8d6tdfdeBArzC7T/PnHd7OypfI9cbuZzPnzLJIyKYFhAQ8SvlkKtKBMbXDxe1h03Rcr7u++nFS7tqXz87Gtw==}
    cpu: [x64]
    os: [linux]

  '@rollup/rollup-linux-x64-musl@4.53.2':
    resolution: {integrity: sha512-ah59c1YkCxKExPP8O9PwOvs+XRLKwh/mV+3YdKqQ5AMQ0r4M4ZDuOrpWkUaqO7fzAHdINzV9tEVu8vNw48z0lA==}
    cpu: [x64]
    os: [linux]

  '@rollup/rollup-openharmony-arm64@4.53.2':
    resolution: {integrity: sha512-4VEd19Wmhr+Zy7hbUsFZ6YXEiP48hE//KPLCSVNY5RMGX2/7HZ+QkN55a3atM1C/BZCGIgqN+xrVgtdak2S9+A==}
    cpu: [arm64]
    os: [openharmony]

  '@rollup/rollup-win32-arm64-msvc@4.53.2':
    resolution: {integrity: sha512-IlbHFYc/pQCgew/d5fslcy1KEaYVCJ44G8pajugd8VoOEI8ODhtb/j8XMhLpwHCMB3yk2J07ctup10gpw2nyMA==}
    cpu: [arm64]
    os: [win32]

  '@rollup/rollup-win32-ia32-msvc@4.53.2':
    resolution: {integrity: sha512-lNlPEGgdUfSzdCWU176ku/dQRnA7W+Gp8d+cWv73jYrb8uT7HTVVxq62DUYxjbaByuf1Yk0RIIAbDzp+CnOTFg==}
    cpu: [ia32]
    os: [win32]

  '@rollup/rollup-win32-x64-gnu@4.53.2':
    resolution: {integrity: sha512-S6YojNVrHybQis2lYov1sd+uj7K0Q05NxHcGktuMMdIQ2VixGwAfbJ23NnlvvVV1bdpR2m5MsNBViHJKcA4ADw==}
    cpu: [x64]
    os: [win32]

  '@rollup/rollup-win32-x64-msvc@4.53.2':
    resolution: {integrity: sha512-k+/Rkcyx//P6fetPoLMb8pBeqJBNGx81uuf7iljX9++yNBVRDQgD04L+SVXmXmh5ZP4/WOp4mWF0kmi06PW2tA==}
    cpu: [x64]
    os: [win32]

  '@supabase/auth-js@2.81.1':
    resolution: {integrity: sha512-K20GgiSm9XeRLypxYHa5UCnybWc2K0ok0HLbqCej/wRxDpJxToXNOwKt0l7nO8xI1CyQ+GrNfU6bcRzvdbeopQ==}
    engines: {node: '>=20.0.0'}

  '@supabase/functions-js@2.81.1':
    resolution: {integrity: sha512-sYgSO3mlgL0NvBFS3oRfCK4OgKGQwuOWJLzfPyWg0k8MSxSFSDeN/JtrDJD5GQrxskP6c58+vUzruBJQY78AqQ==}
    engines: {node: '>=20.0.0'}

  '@supabase/postgrest-js@2.81.1':
    resolution: {integrity: sha512-DePpUTAPXJyBurQ4IH2e42DWoA+/Qmr5mbgY4B6ZcxVc/ZUKfTVK31BYIFBATMApWraFc8Q/Sg+yxtfJ3E0wSg==}
    engines: {node: '>=20.0.0'}

  '@supabase/realtime-js@2.81.1':
    resolution: {integrity: sha512-ViQ+Kxm8BuUP/TcYmH9tViqYKGSD1LBjdqx2p5J+47RES6c+0QHedM0PPAjthMdAHWyb2LGATE9PD2++2rO/tw==}
    engines: {node: '>=20.0.0'}

  '@supabase/storage-js@2.81.1':
    resolution: {integrity: sha512-UNmYtjnZnhouqnbEMC1D5YJot7y0rIaZx7FG2Fv8S3hhNjcGVvO+h9We/tggi273BFkiahQPS/uRsapo1cSapw==}
    engines: {node: '>=20.0.0'}

  '@supabase/supabase-js@2.81.1':
    resolution: {integrity: sha512-KSdY7xb2L0DlLmlYzIOghdw/na4gsMcqJ8u4sD6tOQJr+x3hLujU9s4R8N3ob84/1bkvpvlU5PYKa1ae+OICnw==}
    engines: {node: '>=20.0.0'}

  '@swc/core-darwin-arm64@1.15.1':
    resolution: {integrity: sha512-vEPrVxegWIjKEz+1VCVuKRY89jhokhSmQ/YXBWLnmLj9cI08G61RTZJvdsIcjYUjjTu7NgZlYVK+b2y0fbh11g==}
    engines: {node: '>=10'}
    cpu: [arm64]
    os: [darwin]

  '@swc/core-darwin-x64@1.15.1':
    resolution: {integrity: sha512-z9QguKxE3aldvwKHHDg5OlKehasbJBF1lacn5CnN6SlrHbdwokXHFA3nIoO3Bh1Tw7bCgFtdIR4jKlTTn3kBZA==}
    engines: {node: '>=10'}
    cpu: [x64]
    os: [darwin]

  '@swc/core-linux-arm-gnueabihf@1.15.1':
    resolution: {integrity: sha512-yS2FHA8E4YeiPG9YeYk/6mKiCWuXR5RdYlCmtlGzKcjWbI4GXUVe7+p9C0M6myRt3zdj3M1knmJxk52MQA9EZQ==}
    engines: {node: '>=10'}
    cpu: [arm]
    os: [linux]

  '@swc/core-linux-arm64-gnu@1.15.1':
    resolution: {integrity: sha512-IFrjDu7+5Y61jLsUqBVXlXutDoPBX10eEeNTjW6C1yzm+cSTE7ayiKXMIFri4gEZ4VpXS6MUgkwjxtDpIXTh+w==}
    engines: {node: '>=10'}
    cpu: [arm64]
    os: [linux]

  '@swc/core-linux-arm64-musl@1.15.1':
    resolution: {integrity: sha512-fKzP9mRQGbhc5QhJPIsqKNNX/jyWrZgBxmo3Nz1SPaepfCUc7RFmtcJQI5q8xAun3XabXjh90wqcY/OVyg2+Kg==}
    engines: {node: '>=10'}
    cpu: [arm64]
    os: [linux]

  '@swc/core-linux-x64-gnu@1.15.1':
    resolution: {integrity: sha512-ZLjMi138uTJxb+1wzo4cB8mIbJbAsSLWRNeHc1g1pMvkERPWOGlem+LEYkkzaFzCNv1J8aKcL653Vtw8INHQeg==}
    engines: {node: '>=10'}
    cpu: [x64]
    os: [linux]

  '@swc/core-linux-x64-musl@1.15.1':
    resolution: {integrity: sha512-jvSI1IdsIYey5kOITzyajjofXOOySVitmLxb45OPUjoNojql4sDojvlW5zoHXXFePdA6qAX4Y6KbzAOV3T3ctA==}
    engines: {node: '>=10'}
    cpu: [x64]
    os: [linux]

  '@swc/core-win32-arm64-msvc@1.15.1':
    resolution: {integrity: sha512-X/FcDtNrDdY9r4FcXHt9QxUqC/2FbQdvZobCKHlHe8vTSKhUHOilWl5EBtkFVfsEs4D5/yAri9e3bJbwyBhhBw==}
    engines: {node: '>=10'}
    cpu: [arm64]
    os: [win32]

  '@swc/core-win32-ia32-msvc@1.15.1':
    resolution: {integrity: sha512-vfheiWBux8PpC87oy1cshcqzgH7alWYpnVq5jWe7xuVkjqjGGDbBUKuS84eJCdsWcVaB5EXIWLKt+11W3/BOwA==}
    engines: {node: '>=10'}
    cpu: [ia32]
    os: [win32]

  '@swc/core-win32-x64-msvc@1.15.1':
    resolution: {integrity: sha512-n3Ppn0LSov/IdlANq+8kxHqENuJRX5XtwQqPgQsgwKIcFq22u17NKfDs9vL5PwRsEHY6Xd67pnOqQX0h4AvbuQ==}
    engines: {node: '>=10'}
    cpu: [x64]
    os: [win32]

  '@swc/core@1.15.1':
    resolution: {integrity: sha512-s9GN3M2jA32k+StvuS9uGe4ztf5KVGBdlJMMC6LR6Ah23Lq/CWKVcC3WeQi8qaAcLd+DiddoNCNMUWymLv+wWQ==}
    engines: {node: '>=10'}
    peerDependencies:
      '@swc/helpers': '>=0.5.17'
    peerDependenciesMeta:
      '@swc/helpers':
        optional: true

  '@swc/counter@0.1.3':
    resolution: {integrity: sha512-e2BR4lsJkkRlKZ/qCHPw9ZaSxc0MVUd7gtbtaB7aMvHeJVYe8sOB8DBZkP2DtISHGSku9sCK6T6cnY0CtXrOCQ==}

  '@swc/types@0.1.25':
    resolution: {integrity: sha512-iAoY/qRhNH8a/hBvm3zKj9qQ4oc2+3w1unPJa2XvTK3XjeLXtzcCingVPw/9e5mn1+0yPqxcBGp9Jf0pkfMb1g==}

  '@types/css-font-loading-module@0.0.12':
    resolution: {integrity: sha512-x2tZZYkSxXqWvTDgveSynfjq/T2HyiZHXb00j/+gy19yp70PHCizM48XFdjBCWH7eHBD0R5i/pw9yMBP/BH5uA==}

  '@types/earcut@3.0.0':
    resolution: {integrity: sha512-k/9fOUGO39yd2sCjrbAJvGDEQvRwRnQIZlBz43roGwUZo5SHAmyVvSFyaVVZkicRVCaDXPKlbxrUcBuJoSWunQ==}

  '@types/estree@1.0.8':
    resolution: {integrity: sha512-dWHzHa2WqEXI/O1E9OjrocMTKJl2mSrEolh1Iomrv6U+JuNwaHXsXx9bLu5gG7BUWFIN0skIQJQ/L1rIex4X6w==}

  '@types/node@24.10.1':
    resolution: {integrity: sha512-GNWcUTRBgIRJD5zj+Tq0fKOJ5XZajIiBroOF0yvj2bSU1WvNdYS/dn9UxwsujGW4JX06dnHyjV2y9rRaybH0iQ==}

  '@types/phoenix@1.6.6':
    resolution: {integrity: sha512-PIzZZlEppgrpoT2QgbnDU+MMzuR6BbCjllj0bM70lWoejMeNJAxCchxnv7J3XFkI8MpygtRpzXrIlmWUBclP5A==}

  '@types/prop-types@15.7.15':
    resolution: {integrity: sha512-F6bEyamV9jKGAFBEmlQnesRPGOQqS2+Uwi0Em15xenOxHaf2hv6L8YCVn3rPdPJOiJfPiCnLIRyvwVaqMY3MIw==}

  '@types/react-dom@18.3.7':
    resolution: {integrity: sha512-MEe3UeoENYVFXzoXEWsvcpg6ZvlrFNlOQ7EOsvhI3CfAXwzPfO8Qwuxd40nepsYKqyyVQnTdEfv68q91yLcKrQ==}
    peerDependencies:
      '@types/react': ^18.0.0

  '@types/react@18.3.26':
    resolution: {integrity: sha512-RFA/bURkcKzx/X9oumPG9Vp3D3JUgus/d0b67KB0t5S/raciymilkOa66olh78MUI92QLbEJevO7rvqU/kjwKA==}

  '@types/ws@8.18.1':
    resolution: {integrity: sha512-ThVF6DCVhA8kUGy+aazFQ4kXQ7E1Ty7A3ypFOe0IcJV8O/M511G99AW24irKrW56Wt44yG9+ij8FaqoBGkuBXg==}

  '@vitejs/plugin-react-swc@4.2.2':
    resolution: {integrity: sha512-x+rE6tsxq/gxrEJN3Nv3dIV60lFflPj94c90b+NNo6n1QV1QQUTLoL0MpaOVasUZ0zqVBn7ead1B5ecx1JAGfA==}
    engines: {node: ^20.19.0 || >=22.12.0}
    peerDependencies:
      vite: ^4 || ^5 || ^6 || ^7

  '@webgpu/types@0.1.66':
    resolution: {integrity: sha512-YA2hLrwLpDsRueNDXIMqN9NTzD6bCDkuXbOSe0heS+f8YE8usA6Gbv1prj81pzVHrbaAma7zObnIC+I6/sXJgA==}

  '@xmldom/xmldom@0.8.11':
    resolution: {integrity: sha512-cQzWCtO6C8TQiYl1ruKNn2U6Ao4o4WBBcbL61yJl84x+j5sOWWFU9X7DpND8XZG3daDppSsigMdfAIl2upQBRw==}
    engines: {node: '>=10.0.0'}

  csstype@3.1.3:
    resolution: {integrity: sha512-M1uQkMl8rQK/szD0LNhtqxIPLpimGm8sOBwU7lLnCpSbTyY3yeU1Vc7l4KT5zT4s/yOxHH5O7tIuuLOCnLADRw==}

  earcut@3.0.2:
    resolution: {integrity: sha512-X7hshQbLyMJ/3RPhyObLARM2sNxxmRALLKx1+NVFFnQ9gKzmCrxm9+uLIAdBcvc8FNLpctqlQ2V6AE92Ol9UDQ==}

  esbuild@0.21.5:
    resolution: {integrity: sha512-mg3OPMV4hXywwpoDxu3Qda5xCKQi+vCTZq8S9J/EpkhB2HzKXq4SNFZE3+NK93JYxc8VMSep+lOUSC/RVKaBqw==}
    engines: {node: '>=12'}
    hasBin: true

  eventemitter3@5.0.1:
    resolution: {integrity: sha512-GWkBvjiSZK87ELrYOSESUYeVIc9mvLLf/nXalMOS5dYrgZq9o5OVkbZAVM06CVxYsCwH9BDZFPlQTlPA1j4ahA==}

  fsevents@2.3.3:
    resolution: {integrity: sha512-5xoDfX+fL7faATnagmWPpbFtwh/R77WmMMqqHGS65C3vvB0YHrgF+B1YmZ3441tMj5n63k0212XNoJwzlhffQw==}
    engines: {node: ^8.16.0 || ^10.6.0 || >=11.0.0}
    os: [darwin]

  gifuct-js@2.1.2:
    resolution: {integrity: sha512-rI2asw77u0mGgwhV3qA+OEgYqaDn5UNqgs+Bx0FGwSpuqfYn+Ir6RQY5ENNQ8SbIiG/m5gVa7CD5RriO4f4Lsg==}

  ismobilejs@1.1.1:
    resolution: {integrity: sha512-VaFW53yt8QO61k2WJui0dHf4SlL8lxBofUuUmwBo0ljPk0Drz2TiuDW4jo3wDcv41qy/SxrJ+VAzJ/qYqsmzRw==}

  js-binary-schema-parser@2.0.3:
    resolution: {integrity: sha512-xezGJmOb4lk/M1ZZLTR/jaBHQ4gG/lqQnJqdIv4721DMggsa1bDVlHXNeHYogaIEHD9vCRv0fcL4hMA+Coarkg==}

  js-tokens@4.0.0:
    resolution: {integrity: sha512-RdJUflcE3cUzKiMqQgsCu06FPu9UdIJO0beYbPhHN4k6apgJtifcoCtT9bcxOpYBtpD2kCM6Sbzg4CausW/PKQ==}

  loose-envify@1.4.0:
    resolution: {integrity: sha512-lyuxPGr/Wfhrlem2CL/UcnUc1zcqKAImBDzukY7Y5F/yQiNdko6+fRLevlw1HgMySw7f611UIY408EtxRSoK3Q==}
    hasBin: true

  nanoid@3.3.11:
    resolution: {integrity: sha512-N8SpfPUnUp1bK+PMYW8qSWdl9U+wwNWI4QKxOYDy9JAro3WMX7p2OeVRF9v+347pnakNevPmiHhNmZ2HbFA76w==}
    engines: {node: ^10 || ^12 || ^13.7 || ^14 || >=15.0.1}
    hasBin: true

  parse-svg-path@0.1.2:
    resolution: {integrity: sha512-JyPSBnkTJ0AI8GGJLfMXvKq42cj5c006fnLz6fXy6zfoVjJizi8BNTpu8on8ziI1cKy9d9DGNuY17Ce7wuejpQ==}

  picocolors@1.1.1:
    resolution: {integrity: sha512-xceH2snhtb5M9liqDsmEw56le376mTZkEX/jEb/RxNFyegNul7eNslCXP9FDj/Lcu0X8KEyMceP2ntpaHrDEVA==}

  pixi.js@8.14.1:
    resolution: {integrity: sha512-cwiY5VdzpbjoxW/n378bHBaPbZF8e81rYS36rfgUOSHyqLJ7AvC/YYUVfybnjJrT8/zVJ/gBIEpVSmt+A+FC6Q==}

  postcss@8.5.6:
    resolution: {integrity: sha512-3Ybi1tAuwAP9s0r1UQ2J4n5Y0G05bJkpUIO0/bI9MhwmD70S5aTWbXGBwxHrelT+XM1k6dM0pk+SwNkpTRN7Pg==}
    engines: {node: ^10 || ^12 || >=14}

  react-dom@18.3.1:
    resolution: {integrity: sha512-5m4nQKp+rZRb09LNH59GM4BxTh9251/ylbKIbpe7TpGxfJ+9kv6BLkLBXIjjspbgbnIBNqlI23tRnTWT0snUIw==}
    peerDependencies:
      react: ^18.3.1

  react@18.3.1:
    resolution: {integrity: sha512-wS+hAgJShR0KhEvPJArfuPVN1+Hz1t0Y6n5jLrGQbkb4urgPE/0Rve+1kMB1v/oWgHgm4WIcV+i7F2pTVj+2iQ==}
    engines: {node: '>=0.10.0'}

  rollup@4.53.2:
    resolution: {integrity: sha512-MHngMYwGJVi6Fmnk6ISmnk7JAHRNF0UkuucA0CUW3N3a4KnONPEZz+vUanQP/ZC/iY1Qkf3bwPWzyY84wEks1g==}
    engines: {node: '>=18.0.0', npm: '>=8.0.0'}
    hasBin: true

  scheduler@0.23.2:
    resolution: {integrity: sha512-UOShsPwz7NrMUqhR6t0hWjFduvOzbtv7toDH1/hIrfRNIDBnnBWd0CwJTGvTpngVlmwGCdP9/Zl/tVrDqcuYzQ==}

  source-map-js@1.2.1:
    resolution: {integrity: sha512-UXWMKhLOwVKb728IUtQPXxfYU+usdybtUrK/8uGE8CQMvrhOpwvzDBwj0QhSL7MQc7vIsISBG8VQ8+IDQxpfQA==}
    engines: {node: '>=0.10.0'}

  tiny-lru@11.4.5:
    resolution: {integrity: sha512-hkcz3FjNJfKXjV4mjQ1OrXSLAehg8Hw+cEZclOVT+5c/cWQWImQ9wolzTjth+dmmDe++p3bme3fTxz6Q4Etsqw==}
    engines: {node: '>=12'}

  tslib@2.8.1:
    resolution: {integrity: sha512-oJFu94HQb+KVduSUQL7wnpmqnfmLsOA/nAh6b6EH0wCEoK0/mPeXU6c3wKDV83MkOuHPRHtSXKKU99IBazS/2w==}

  typescript@5.9.3:
    resolution: {integrity: sha512-jl1vZzPDinLr9eUt3J/t7V6FgNEw9QjvBPdysz9KfQDD41fQrC2Y4vKQdiaUpFT4bXlb1RHhLpp8wtm6M5TgSw==}
    engines: {node: '>=14.17'}
    hasBin: true

  undici-types@7.16.0:
    resolution: {integrity: sha512-Zz+aZWSj8LE6zoxD+xrjh4VfkIG8Ya6LvYkZqtUQGJPZjYl53ypCaUwWqo7eI0x66KBGeRo+mlBEkMSeSZ38Nw==}

  use-sync-external-store@1.6.0:
    resolution: {integrity: sha512-Pp6GSwGP/NrPIrxVFAIkOQeyw8lFenOHijQWkUTrDvrF4ALqylP2C/KCkeS9dpUM3KvYRQhna5vt7IL95+ZQ9w==}
    peerDependencies:
      react: ^16.8.0 || ^17.0.0 || ^18.0.0 || ^19.0.0

  vite@5.4.21:
    resolution: {integrity: sha512-o5a9xKjbtuhY6Bi5S3+HvbRERmouabWbyUcpXXUA1u+GNUKoROi9byOJ8M0nHbHYHkYICiMlqxkg1KkYmm25Sw==}
    engines: {node: ^18.0.0 || >=20.0.0}
    hasBin: true
    peerDependencies:
      '@types/node': ^18.0.0 || >=20.0.0
      less: '*'
      lightningcss: ^1.21.0
      sass: '*'
      sass-embedded: '*'
      stylus: '*'
      sugarss: '*'
      terser: ^5.4.0
    peerDependenciesMeta:
      '@types/node':
        optional: true
      less:
        optional: true
      lightningcss:
        optional: true
      sass:
        optional: true
      sass-embedded:
        optional: true
      stylus:
        optional: true
      sugarss:
        optional: true
      terser:
        optional: true

  ws@8.18.3:
    resolution: {integrity: sha512-PEIGCY5tSlUt50cqyMXfCzX+oOPqN0vuGqWzbcJ2xvnkzkq46oOpz7dQaTDBdfICb4N14+GARUDw2XV2N4tvzg==}
    engines: {node: '>=10.0.0'}
    peerDependencies:
      bufferutil: ^4.0.1
      utf-8-validate: '>=5.0.2'
    peerDependenciesMeta:
      bufferutil:
        optional: true
      utf-8-validate:
        optional: true

  zustand@4.5.7:
    resolution: {integrity: sha512-CHOUy7mu3lbD6o6LJLfllpjkzhHXSBlX8B9+qPddUsIfeF5S/UZ5q0kmCsnRqT1UHFQZchNFDDzMbQsuesHWlw==}
    engines: {node: '>=12.7.0'}
    peerDependencies:
      '@types/react': '>=16.8'
      immer: '>=9.0.6'
      react: '>=16.8'
    peerDependenciesMeta:
      '@types/react':
        optional: true
      immer:
        optional: true
      react:
        optional: true

snapshots:

  '@esbuild/aix-ppc64@0.21.5':
    optional: true

  '@esbuild/android-arm64@0.21.5':
    optional: true

  '@esbuild/android-arm@0.21.5':
    optional: true

  '@esbuild/android-x64@0.21.5':
    optional: true

  '@esbuild/darwin-arm64@0.21.5':
    optional: true

  '@esbuild/darwin-x64@0.21.5':
    optional: true

  '@esbuild/freebsd-arm64@0.21.5':
    optional: true

  '@esbuild/freebsd-x64@0.21.5':
    optional: true

  '@esbuild/linux-arm64@0.21.5':
    optional: true

  '@esbuild/linux-arm@0.21.5':
    optional: true

  '@esbuild/linux-ia32@0.21.5':
    optional: true

  '@esbuild/linux-loong64@0.21.5':
    optional: true

  '@esbuild/linux-mips64el@0.21.5':
    optional: true

  '@esbuild/linux-ppc64@0.21.5':
    optional: true

  '@esbuild/linux-riscv64@0.21.5':
    optional: true

  '@esbuild/linux-s390x@0.21.5':
    optional: true

  '@esbuild/linux-x64@0.21.5':
    optional: true

  '@esbuild/netbsd-x64@0.21.5':
    optional: true

  '@esbuild/openbsd-x64@0.21.5':
    optional: true

  '@esbuild/sunos-x64@0.21.5':
    optional: true

  '@esbuild/win32-arm64@0.21.5':
    optional: true

  '@esbuild/win32-ia32@0.21.5':
    optional: true

  '@esbuild/win32-x64@0.21.5':
    optional: true

  '@pixi/colord@2.9.6': {}

  '@rolldown/pluginutils@1.0.0-beta.47': {}

  '@rollup/rollup-android-arm-eabi@4.53.2':
    optional: true

  '@rollup/rollup-android-arm64@4.53.2':
    optional: true

  '@rollup/rollup-darwin-arm64@4.53.2':
    optional: true

  '@rollup/rollup-darwin-x64@4.53.2':
    optional: true

  '@rollup/rollup-freebsd-arm64@4.53.2':
    optional: true

  '@rollup/rollup-freebsd-x64@4.53.2':
    optional: true

  '@rollup/rollup-linux-arm-gnueabihf@4.53.2':
    optional: true

  '@rollup/rollup-linux-arm-musleabihf@4.53.2':
    optional: true

  '@rollup/rollup-linux-arm64-gnu@4.53.2':
    optional: true

  '@rollup/rollup-linux-arm64-musl@4.53.2':
    optional: true

  '@rollup/rollup-linux-loong64-gnu@4.53.2':
    optional: true

  '@rollup/rollup-linux-ppc64-gnu@4.53.2':
    optional: true

  '@rollup/rollup-linux-riscv64-gnu@4.53.2':
    optional: true

  '@rollup/rollup-linux-riscv64-musl@4.53.2':
    optional: true

  '@rollup/rollup-linux-s390x-gnu@4.53.2':
    optional: true

  '@rollup/rollup-linux-x64-gnu@4.53.2':
    optional: true

  '@rollup/rollup-linux-x64-musl@4.53.2':
    optional: true

  '@rollup/rollup-openharmony-arm64@4.53.2':
    optional: true

  '@rollup/rollup-win32-arm64-msvc@4.53.2':
    optional: true

  '@rollup/rollup-win32-ia32-msvc@4.53.2':
    optional: true

  '@rollup/rollup-win32-x64-gnu@4.53.2':
    optional: true

  '@rollup/rollup-win32-x64-msvc@4.53.2':
    optional: true

  '@supabase/auth-js@2.81.1':
    dependencies:
      tslib: 2.8.1

  '@supabase/functions-js@2.81.1':
    dependencies:
      tslib: 2.8.1

  '@supabase/postgrest-js@2.81.1':
    dependencies:
      tslib: 2.8.1

  '@supabase/realtime-js@2.81.1':
    dependencies:
      '@types/phoenix': 1.6.6
      '@types/ws': 8.18.1
      tslib: 2.8.1
      ws: 8.18.3
    transitivePeerDependencies:
      - bufferutil
      - utf-8-validate

  '@supabase/storage-js@2.81.1':
    dependencies:
      tslib: 2.8.1

  '@supabase/supabase-js@2.81.1':
    dependencies:
      '@supabase/auth-js': 2.81.1
      '@supabase/functions-js': 2.81.1
      '@supabase/postgrest-js': 2.81.1
      '@supabase/realtime-js': 2.81.1
      '@supabase/storage-js': 2.81.1
    transitivePeerDependencies:
      - bufferutil
      - utf-8-validate

  '@swc/core-darwin-arm64@1.15.1':
    optional: true

  '@swc/core-darwin-x64@1.15.1':
    optional: true

  '@swc/core-linux-arm-gnueabihf@1.15.1':
    optional: true

  '@swc/core-linux-arm64-gnu@1.15.1':
    optional: true

  '@swc/core-linux-arm64-musl@1.15.1':
    optional: true

  '@swc/core-linux-x64-gnu@1.15.1':
    optional: true

  '@swc/core-linux-x64-musl@1.15.1':
    optional: true

  '@swc/core-win32-arm64-msvc@1.15.1':
    optional: true

  '@swc/core-win32-ia32-msvc@1.15.1':
    optional: true

  '@swc/core-win32-x64-msvc@1.15.1':
    optional: true

  '@swc/core@1.15.1':
    dependencies:
      '@swc/counter': 0.1.3
      '@swc/types': 0.1.25
    optionalDependencies:
      '@swc/core-darwin-arm64': 1.15.1
      '@swc/core-darwin-x64': 1.15.1
      '@swc/core-linux-arm-gnueabihf': 1.15.1
      '@swc/core-linux-arm64-gnu': 1.15.1
      '@swc/core-linux-arm64-musl': 1.15.1
      '@swc/core-linux-x64-gnu': 1.15.1
      '@swc/core-linux-x64-musl': 1.15.1
      '@swc/core-win32-arm64-msvc': 1.15.1
      '@swc/core-win32-ia32-msvc': 1.15.1
      '@swc/core-win32-x64-msvc': 1.15.1

  '@swc/counter@0.1.3': {}

  '@swc/types@0.1.25':
    dependencies:
      '@swc/counter': 0.1.3

  '@types/css-font-loading-module@0.0.12': {}

  '@types/earcut@3.0.0': {}

  '@types/estree@1.0.8': {}

  '@types/node@24.10.1':
    dependencies:
      undici-types: 7.16.0

  '@types/phoenix@1.6.6': {}

  '@types/prop-types@15.7.15': {}

  '@types/react-dom@18.3.7(@types/react@18.3.26)':
    dependencies:
      '@types/react': 18.3.26

  '@types/react@18.3.26':
    dependencies:
      '@types/prop-types': 15.7.15
      csstype: 3.1.3

  '@types/ws@8.18.1':
    dependencies:
      '@types/node': 24.10.1

  '@vitejs/plugin-react-swc@4.2.2(vite@5.4.21(@types/node@24.10.1))':
    dependencies:
      '@rolldown/pluginutils': 1.0.0-beta.47
      '@swc/core': 1.15.1
      vite: 5.4.21(@types/node@24.10.1)
    transitivePeerDependencies:
      - '@swc/helpers'

  '@webgpu/types@0.1.66': {}

  '@xmldom/xmldom@0.8.11': {}

  csstype@3.1.3: {}

  earcut@3.0.2: {}

  esbuild@0.21.5:
    optionalDependencies:
      '@esbuild/aix-ppc64': 0.21.5
      '@esbuild/android-arm': 0.21.5
      '@esbuild/android-arm64': 0.21.5
      '@esbuild/android-x64': 0.21.5
      '@esbuild/darwin-arm64': 0.21.5
      '@esbuild/darwin-x64': 0.21.5
      '@esbuild/freebsd-arm64': 0.21.5
      '@esbuild/freebsd-x64': 0.21.5
      '@esbuild/linux-arm': 0.21.5
      '@esbuild/linux-arm64': 0.21.5
      '@esbuild/linux-ia32': 0.21.5
      '@esbuild/linux-loong64': 0.21.5
      '@esbuild/linux-mips64el': 0.21.5
      '@esbuild/linux-ppc64': 0.21.5
      '@esbuild/linux-riscv64': 0.21.5
      '@esbuild/linux-s390x': 0.21.5
      '@esbuild/linux-x64': 0.21.5
      '@esbuild/netbsd-x64': 0.21.5
      '@esbuild/openbsd-x64': 0.21.5
      '@esbuild/sunos-x64': 0.21.5
      '@esbuild/win32-arm64': 0.21.5
      '@esbuild/win32-ia32': 0.21.5
      '@esbuild/win32-x64': 0.21.5

  eventemitter3@5.0.1: {}

  fsevents@2.3.3:
    optional: true

  gifuct-js@2.1.2:
    dependencies:
      js-binary-schema-parser: 2.0.3

  ismobilejs@1.1.1: {}

  js-binary-schema-parser@2.0.3: {}

  js-tokens@4.0.0: {}

  loose-envify@1.4.0:
    dependencies:
      js-tokens: 4.0.0

  nanoid@3.3.11: {}

  parse-svg-path@0.1.2: {}

  picocolors@1.1.1: {}

  pixi.js@8.14.1:
    dependencies:
      '@pixi/colord': 2.9.6
      '@types/css-font-loading-module': 0.0.12
      '@types/earcut': 3.0.0
      '@webgpu/types': 0.1.66
      '@xmldom/xmldom': 0.8.11
      earcut: 3.0.2
      eventemitter3: 5.0.1
      gifuct-js: 2.1.2
      ismobilejs: 1.1.1
      parse-svg-path: 0.1.2
      tiny-lru: 11.4.5

  postcss@8.5.6:
    dependencies:
      nanoid: 3.3.11
      picocolors: 1.1.1
      source-map-js: 1.2.1

  react-dom@18.3.1(react@18.3.1):
    dependencies:
      loose-envify: 1.4.0
      react: 18.3.1
      scheduler: 0.23.2

  react@18.3.1:
    dependencies:
      loose-envify: 1.4.0

  rollup@4.53.2:
    dependencies:
      '@types/estree': 1.0.8
    optionalDependencies:
      '@rollup/rollup-android-arm-eabi': 4.53.2
      '@rollup/rollup-android-arm64': 4.53.2
      '@rollup/rollup-darwin-arm64': 4.53.2
      '@rollup/rollup-darwin-x64': 4.53.2
      '@rollup/rollup-freebsd-arm64': 4.53.2
      '@rollup/rollup-freebsd-x64': 4.53.2
      '@rollup/rollup-linux-arm-gnueabihf': 4.53.2
      '@rollup/rollup-linux-arm-musleabihf': 4.53.2
      '@rollup/rollup-linux-arm64-gnu': 4.53.2
      '@rollup/rollup-linux-arm64-musl': 4.53.2
      '@rollup/rollup-linux-loong64-gnu': 4.53.2
      '@rollup/rollup-linux-ppc64-gnu': 4.53.2
      '@rollup/rollup-linux-riscv64-gnu': 4.53.2
      '@rollup/rollup-linux-riscv64-musl': 4.53.2
      '@rollup/rollup-linux-s390x-gnu': 4.53.2
      '@rollup/rollup-linux-x64-gnu': 4.53.2
      '@rollup/rollup-linux-x64-musl': 4.53.2
      '@rollup/rollup-openharmony-arm64': 4.53.2
      '@rollup/rollup-win32-arm64-msvc': 4.53.2
      '@rollup/rollup-win32-ia32-msvc': 4.53.2
      '@rollup/rollup-win32-x64-gnu': 4.53.2
      '@rollup/rollup-win32-x64-msvc': 4.53.2
      fsevents: 2.3.3

  scheduler@0.23.2:
    dependencies:
      loose-envify: 1.4.0

  source-map-js@1.2.1: {}

  tiny-lru@11.4.5: {}

  tslib@2.8.1: {}

  typescript@5.9.3: {}

  undici-types@7.16.0: {}

  use-sync-external-store@1.6.0(react@18.3.1):
    dependencies:
      react: 18.3.1

  vite@5.4.21(@types/node@24.10.1):
    dependencies:
      esbuild: 0.21.5
      postcss: 8.5.6
      rollup: 4.53.2
    optionalDependencies:
      '@types/node': 24.10.1
      fsevents: 2.3.3

  ws@8.18.3: {}

  zustand@4.5.7(@types/react@18.3.26)(react@18.3.1):
    dependencies:
      use-sync-external-store: 1.6.0(react@18.3.1)
    optionalDependencies:
      '@types/react': 18.3.26
      react: 18.3.1
